// !$*UTF8*$!
{
	archiveVersion = 1;
	classes = {
	};
	objectVersion = 55;
	objects = {

/* Begin PBXBuildFile section */
		2066E1334FA729003A186344 /* Pods_WeatherAppV2.framework in Frameworks */ = {isa = PBXBuildFile; fileRef = 6C666D0BA5B892653C3B2C75 /* Pods_WeatherAppV2.framework */; };
		3863B340281EA3BF00A5EF74 /* AppDelegate.swift in Sources */ = {isa = PBXBuildFile; fileRef = 3863B33F281EA3BF00A5EF74 /* AppDelegate.swift */; };
		3863B342281EA3BF00A5EF74 /* SceneDelegate.swift in Sources */ = {isa = PBXBuildFile; fileRef = 3863B341281EA3BF00A5EF74 /* SceneDelegate.swift */; };
		3863B344281EA3BF00A5EF74 /* CitiesListView.swift in Sources */ = {isa = PBXBuildFile; fileRef = 3863B343281EA3BF00A5EF74 /* CitiesListView.swift */; };
		3863B349281EA3C000A5EF74 /* Assets.xcassets in Resources */ = {isa = PBXBuildFile; fileRef = 3863B348281EA3C000A5EF74 /* Assets.xcassets */; };
		3863B34C281EA3C000A5EF74 /* LaunchScreen.storyboard in Resources */ = {isa = PBXBuildFile; fileRef = 3863B34A281EA3C000A5EF74 /* LaunchScreen.storyboard */; };
		38AE4E2B281EBD8F00B8E7A3 /* SettingsView.swift in Sources */ = {isa = PBXBuildFile; fileRef = 38AE4E2A281EBD8F00B8E7A3 /* SettingsView.swift */; };
		38BB95DF281EA57000DAD9DE /* DetailView.swift in Sources */ = {isa = PBXBuildFile; fileRef = 38BB95DE281EA57000DAD9DE /* DetailView.swift */; };
		38BB95E1281EA58A00DAD9DE /* WeatherViewModel.swift in Sources */ = {isa = PBXBuildFile; fileRef = 38BB95E0281EA58A00DAD9DE /* WeatherViewModel.swift */; };
		38BB95E4281EA5AB00DAD9DE /* CitiesStructure.swift in Sources */ = {isa = PBXBuildFile; fileRef = 38BB95E3281EA5AB00DAD9DE /* CitiesStructure.swift */; };
		38BB95E6281EA5BE00DAD9DE /* Observable.swift in Sources */ = {isa = PBXBuildFile; fileRef = 38BB95E5281EA5BE00DAD9DE /* Observable.swift */; };
		38BB95E8281EA5D200DAD9DE /* URLConstant.swift in Sources */ = {isa = PBXBuildFile; fileRef = 38BB95E7281EA5D200DAD9DE /* URLConstant.swift */; };
		38BB95EA281EA5DF00DAD9DE /* APIRouter.swift in Sources */ = {isa = PBXBuildFile; fileRef = 38BB95E9281EA5DF00DAD9DE /* APIRouter.swift */; };
		38BB95EC281EA5EB00DAD9DE /* APIClient.swift in Sources */ = {isa = PBXBuildFile; fileRef = 38BB95EB281EA5EB00DAD9DE /* APIClient.swift */; };
		38BB95EE281EA5FA00DAD9DE /* APICongigguration.swift in Sources */ = {isa = PBXBuildFile; fileRef = 38BB95ED281EA5FA00DAD9DE /* APICongigguration.swift */; };
		38BB95F0281EA6AA00DAD9DE /* WeatherModel.swift in Sources */ = {isa = PBXBuildFile; fileRef = 38BB95EF281EA6AA00DAD9DE /* WeatherModel.swift */; };
		38C02569282DBA4F002C047C /* LocationViewModel.swift in Sources */ = {isa = PBXBuildFile; fileRef = 38C02568282DBA4F002C047C /* LocationViewModel.swift */; };
		38C0557528307DE800D1BD33 /* PageControl.swift in Sources */ = {isa = PBXBuildFile; fileRef = 38C0557428307DE800D1BD33 /* PageControl.swift */; };
		38C1803C2831C0DB00EDF6BF /* MapDetailView.swift in Sources */ = {isa = PBXBuildFile; fileRef = 38C1803B2831C0DB00EDF6BF /* MapDetailView.swift */; };
		38CA197E2823368A000D167D /* CurrentLocationWeather.swift in Sources */ = {isa = PBXBuildFile; fileRef = 38CA197D2823368A000D167D /* CurrentLocationWeather.swift */; };
/* End PBXBuildFile section */

/* Begin PBXFileReference section */
		3863B33C281EA3BF00A5EF74 /* WeatherAppV2.app */ = {isa = PBXFileReference; explicitFileType = wrapper.application; includeInIndex = 0; path = WeatherAppV2.app; sourceTree = BUILT_PRODUCTS_DIR; };
		3863B33F281EA3BF00A5EF74 /* AppDelegate.swift */ = {isa = PBXFileReference; lastKnownFileType = sourcecode.swift; path = AppDelegate.swift; sourceTree = "<group>"; };
		3863B341281EA3BF00A5EF74 /* SceneDelegate.swift */ = {isa = PBXFileReference; lastKnownFileType = sourcecode.swift; path = SceneDelegate.swift; sourceTree = "<group>"; };
		3863B343281EA3BF00A5EF74 /* CitiesListView.swift */ = {isa = PBXFileReference; lastKnownFileType = sourcecode.swift; path = CitiesListView.swift; sourceTree = "<group>"; };
		3863B348281EA3C000A5EF74 /* Assets.xcassets */ = {isa = PBXFileReference; lastKnownFileType = folder.assetcatalog; path = Assets.xcassets; sourceTree = "<group>"; };
		3863B34B281EA3C000A5EF74 /* Base */ = {isa = PBXFileReference; lastKnownFileType = file.storyboard; name = Base; path = Base.lproj/LaunchScreen.storyboard; sourceTree = "<group>"; };
		3863B34D281EA3C000A5EF74 /* Info.plist */ = {isa = PBXFileReference; lastKnownFileType = text.plist.xml; path = Info.plist; sourceTree = "<group>"; };
		38AE4E2A281EBD8F00B8E7A3 /* SettingsView.swift */ = {isa = PBXFileReference; lastKnownFileType = sourcecode.swift; path = SettingsView.swift; sourceTree = "<group>"; };
		38BB95DE281EA57000DAD9DE /* DetailView.swift */ = {isa = PBXFileReference; lastKnownFileType = sourcecode.swift; path = DetailView.swift; sourceTree = "<group>"; };
		38BB95E0281EA58A00DAD9DE /* WeatherViewModel.swift */ = {isa = PBXFileReference; lastKnownFileType = sourcecode.swift; path = WeatherViewModel.swift; sourceTree = "<group>"; };
		38BB95E3281EA5AB00DAD9DE /* CitiesStructure.swift */ = {isa = PBXFileReference; lastKnownFileType = sourcecode.swift; path = CitiesStructure.swift; sourceTree = "<group>"; };
		38BB95E5281EA5BE00DAD9DE /* Observable.swift */ = {isa = PBXFileReference; lastKnownFileType = sourcecode.swift; path = Observable.swift; sourceTree = "<group>"; };
		38BB95E7281EA5D200DAD9DE /* URLConstant.swift */ = {isa = PBXFileReference; lastKnownFileType = sourcecode.swift; path = URLConstant.swift; sourceTree = "<group>"; };
		38BB95E9281EA5DF00DAD9DE /* APIRouter.swift */ = {isa = PBXFileReference; lastKnownFileType = sourcecode.swift; path = APIRouter.swift; sourceTree = "<group>"; };
		38BB95EB281EA5EB00DAD9DE /* APIClient.swift */ = {isa = PBXFileReference; lastKnownFileType = sourcecode.swift; path = APIClient.swift; sourceTree = "<group>"; };
		38BB95ED281EA5FA00DAD9DE /* APICongigguration.swift */ = {isa = PBXFileReference; lastKnownFileType = sourcecode.swift; path = APICongigguration.swift; sourceTree = "<group>"; };
		38BB95EF281EA6AA00DAD9DE /* WeatherModel.swift */ = {isa = PBXFileReference; lastKnownFileType = sourcecode.swift; path = WeatherModel.swift; sourceTree = "<group>"; };
		38C02568282DBA4F002C047C /* LocationViewModel.swift */ = {isa = PBXFileReference; lastKnownFileType = sourcecode.swift; path = LocationViewModel.swift; sourceTree = "<group>"; };
		38C0557428307DE800D1BD33 /* PageControl.swift */ = {isa = PBXFileReference; lastKnownFileType = sourcecode.swift; path = PageControl.swift; sourceTree = "<group>"; };
		38C1803B2831C0DB00EDF6BF /* MapDetailView.swift */ = {isa = PBXFileReference; lastKnownFileType = sourcecode.swift; path = MapDetailView.swift; sourceTree = "<group>"; };
		38CA197D2823368A000D167D /* CurrentLocationWeather.swift */ = {isa = PBXFileReference; lastKnownFileType = sourcecode.swift; path = CurrentLocationWeather.swift; sourceTree = "<group>"; };
		56224EDFB73CEE79B40D7CFB /* Pods-WeatherAppV2.release.xcconfig */ = {isa = PBXFileReference; includeInIndex = 1; lastKnownFileType = text.xcconfig; name = "Pods-WeatherAppV2.release.xcconfig"; path = "Target Support Files/Pods-WeatherAppV2/Pods-WeatherAppV2.release.xcconfig"; sourceTree = "<group>"; };
		6C666D0BA5B892653C3B2C75 /* Pods_WeatherAppV2.framework */ = {isa = PBXFileReference; explicitFileType = wrapper.framework; includeInIndex = 0; path = Pods_WeatherAppV2.framework; sourceTree = BUILT_PRODUCTS_DIR; };
		B8A9DB00BEC8C7468F65E3EE /* Pods-WeatherAppV2.debug.xcconfig */ = {isa = PBXFileReference; includeInIndex = 1; lastKnownFileType = text.xcconfig; name = "Pods-WeatherAppV2.debug.xcconfig"; path = "Target Support Files/Pods-WeatherAppV2/Pods-WeatherAppV2.debug.xcconfig"; sourceTree = "<group>"; };
/* End PBXFileReference section */

/* Begin PBXFrameworksBuildPhase section */
		3863B339281EA3BF00A5EF74 /* Frameworks */ = {
			isa = PBXFrameworksBuildPhase;
			buildActionMask = 2147483647;
			files = (
				2066E1334FA729003A186344 /* Pods_WeatherAppV2.framework in Frameworks */,
			);
			runOnlyForDeploymentPostprocessing = 0;
		};
/* End PBXFrameworksBuildPhase section */

/* Begin PBXGroup section */
		1261C7C93706F0871567E08A /* Frameworks */ = {
			isa = PBXGroup;
			children = (
				6C666D0BA5B892653C3B2C75 /* Pods_WeatherAppV2.framework */,
			);
			name = Frameworks;
			sourceTree = "<group>";
		};
		3863B333281EA3BF00A5EF74 = {
			isa = PBXGroup;
			children = (
				3863B33E281EA3BF00A5EF74 /* WeatherAppV2 */,
				3863B33D281EA3BF00A5EF74 /* Products */,
				E9A5E58237BE5BD10CDC3EFD /* Pods */,
				1261C7C93706F0871567E08A /* Frameworks */,
			);
			sourceTree = "<group>";
		};
		3863B33D281EA3BF00A5EF74 /* Products */ = {
			isa = PBXGroup;
			children = (
				3863B33C281EA3BF00A5EF74 /* WeatherAppV2.app */,
			);
			name = Products;
			sourceTree = "<group>";
		};
		3863B33E281EA3BF00A5EF74 /* WeatherAppV2 */ = {
			isa = PBXGroup;
			children = (
				3863B34D281EA3C000A5EF74 /* Info.plist */,
				38BB95DD281EA55500DAD9DE /* Resources */,
				38BB95D9281EA4FC00DAD9DE /* Delegates */,
				38BB95DC281EA52D00DAD9DE /* Constants */,
				38BB95DB281EA51700DAD9DE /* Networking */,
				38BB95DA281EA50A00DAD9DE /* Patterns */,
				38BB95D8281EA4F300DAD9DE /* Models */,
				38BB95D7281EA4ED00DAD9DE /* Views */,
				38BB95D6281EA4CF00DAD9DE /* ViewModels */,
			);
			path = WeatherAppV2;
			sourceTree = "<group>";
		};
		38BB95D6281EA4CF00DAD9DE /* ViewModels */ = {
			isa = PBXGroup;
			children = (
				38BB95E0281EA58A00DAD9DE /* WeatherViewModel.swift */,
				38C02568282DBA4F002C047C /* LocationViewModel.swift */,
			);
			path = ViewModels;
			sourceTree = "<group>";
		};
		38BB95D7281EA4ED00DAD9DE /* Views */ = {
			isa = PBXGroup;
			children = (
				38C0557428307DE800D1BD33 /* PageControl.swift */,
				38CA197D2823368A000D167D /* CurrentLocationWeather.swift */,
				38C1803B2831C0DB00EDF6BF /* MapDetailView.swift */,
				3863B343281EA3BF00A5EF74 /* CitiesListView.swift */,
				38BB95DE281EA57000DAD9DE /* DetailView.swift */,
				38AE4E2A281EBD8F00B8E7A3 /* SettingsView.swift */,
			);
			path = Views;
			sourceTree = "<group>";
		};
		38BB95D8281EA4F300DAD9DE /* Models */ = {
			isa = PBXGroup;
			children = (
				38BB95EF281EA6AA00DAD9DE /* WeatherModel.swift */,
				38BB95E3281EA5AB00DAD9DE /* CitiesStructure.swift */,
			);
			path = Models;
			sourceTree = "<group>";
		};
		38BB95D9281EA4FC00DAD9DE /* Delegates */ = {
			isa = PBXGroup;
			children = (
				3863B33F281EA3BF00A5EF74 /* AppDelegate.swift */,
				3863B341281EA3BF00A5EF74 /* SceneDelegate.swift */,
			);
			path = Delegates;
			sourceTree = "<group>";
		};
		38BB95DA281EA50A00DAD9DE /* Patterns */ = {
			isa = PBXGroup;
			children = (
				38BB95E5281EA5BE00DAD9DE /* Observable.swift */,
			);
			path = Patterns;
			sourceTree = "<group>";
		};
		38BB95DB281EA51700DAD9DE /* Networking */ = {
			isa = PBXGroup;
			children = (
				38BB95E9281EA5DF00DAD9DE /* APIRouter.swift */,
				38BB95ED281EA5FA00DAD9DE /* APICongigguration.swift */,
				38BB95EB281EA5EB00DAD9DE /* APIClient.swift */,
			);
			path = Networking;
			sourceTree = "<group>";
		};
		38BB95DC281EA52D00DAD9DE /* Constants */ = {
			isa = PBXGroup;
			children = (
				38BB95E7281EA5D200DAD9DE /* URLConstant.swift */,
			);
			path = Constants;
			sourceTree = "<group>";
		};
		38BB95DD281EA55500DAD9DE /* Resources */ = {
			isa = PBXGroup;
			children = (
				3863B348281EA3C000A5EF74 /* Assets.xcassets */,
				3863B34A281EA3C000A5EF74 /* LaunchScreen.storyboard */,
			);
			path = Resources;
			sourceTree = "<group>";
		};
		E9A5E58237BE5BD10CDC3EFD /* Pods */ = {
			isa = PBXGroup;
			children = (
				B8A9DB00BEC8C7468F65E3EE /* Pods-WeatherAppV2.debug.xcconfig */,
				56224EDFB73CEE79B40D7CFB /* Pods-WeatherAppV2.release.xcconfig */,
			);
			path = Pods;
			sourceTree = "<group>";
		};
/* End PBXGroup section */

/* Begin PBXNativeTarget section */
		3863B33B281EA3BF00A5EF74 /* WeatherAppV2 */ = {
			isa = PBXNativeTarget;
			buildConfigurationList = 3863B350281EA3C000A5EF74 /* Build configuration list for PBXNativeTarget "WeatherAppV2" */;
			buildPhases = (
				548E28B6F1F007BA4CA2449A /* [CP] Check Pods Manifest.lock */,
				3863B338281EA3BF00A5EF74 /* Sources */,
				3863B339281EA3BF00A5EF74 /* Frameworks */,
				3863B33A281EA3BF00A5EF74 /* Resources */,
				C7FAE25B3AB0A95DD3640A37 /* [CP] Embed Pods Frameworks */,
			);
			buildRules = (
			);
			dependencies = (
			);
			name = WeatherAppV2;
			productName = WeatherAppV2;
			productReference = 3863B33C281EA3BF00A5EF74 /* WeatherAppV2.app */;
			productType = "com.apple.product-type.application";
		};
/* End PBXNativeTarget section */

/* Begin PBXProject section */
		3863B334281EA3BF00A5EF74 /* Project object */ = {
			isa = PBXProject;
			attributes = {
				BuildIndependentTargetsInParallel = 1;
				LastSwiftUpdateCheck = 1330;
				LastUpgradeCheck = 1330;
				TargetAttributes = {
					3863B33B281EA3BF00A5EF74 = {
						CreatedOnToolsVersion = 13.3.1;
					};
				};
			};
			buildConfigurationList = 3863B337281EA3BF00A5EF74 /* Build configuration list for PBXProject "WeatherAppV2" */;
			compatibilityVersion = "Xcode 13.0";
			developmentRegion = en;
			hasScannedForEncodings = 0;
			knownRegions = (
				en,
				Base,
			);
			mainGroup = 3863B333281EA3BF00A5EF74;
			productRefGroup = 3863B33D281EA3BF00A5EF74 /* Products */;
			projectDirPath = "";
			projectRoot = "";
			targets = (
				3863B33B281EA3BF00A5EF74 /* WeatherAppV2 */,
			);
		};
/* End PBXProject section */

/* Begin PBXResourcesBuildPhase section */
		3863B33A281EA3BF00A5EF74 /* Resources */ = {
			isa = PBXResourcesBuildPhase;
			buildActionMask = 2147483647;
			files = (
				3863B34C281EA3C000A5EF74 /* LaunchScreen.storyboard in Resources */,
				3863B349281EA3C000A5EF74 /* Assets.xcassets in Resources */,
			);
			runOnlyForDeploymentPostprocessing = 0;
		};
/* End PBXResourcesBuildPhase section */

/* Begin PBXShellScriptBuildPhase section */
		548E28B6F1F007BA4CA2449A /* [CP] Check Pods Manifest.lock */ = {
			isa = PBXShellScriptBuildPhase;
			buildActionMask = 2147483647;
			files = (
			);
			inputFileListPaths = (
			);
			inputPaths = (
				"${PODS_PODFILE_DIR_PATH}/Podfile.lock",
				"${PODS_ROOT}/Manifest.lock",
			);
			name = "[CP] Check Pods Manifest.lock";
			outputFileListPaths = (
			);
			outputPaths = (
				"$(DERIVED_FILE_DIR)/Pods-WeatherAppV2-checkManifestLockResult.txt",
			);
			runOnlyForDeploymentPostprocessing = 0;
			shellPath = /bin/sh;
			shellScript = "diff \"${PODS_PODFILE_DIR_PATH}/Podfile.lock\" \"${PODS_ROOT}/Manifest.lock\" > /dev/null\nif [ $? != 0 ] ; then\n    # print error to STDERR\n    echo \"error: The sandbox is not in sync with the Podfile.lock. Run 'pod install' or update your CocoaPods installation.\" >&2\n    exit 1\nfi\n# This output is used by Xcode 'outputs' to avoid re-running this script phase.\necho \"SUCCESS\" > \"${SCRIPT_OUTPUT_FILE_0}\"\n";
			showEnvVarsInLog = 0;
		};
		C7FAE25B3AB0A95DD3640A37 /* [CP] Embed Pods Frameworks */ = {
			isa = PBXShellScriptBuildPhase;
			buildActionMask = 2147483647;
			files = (
			);
			inputFileListPaths = (
				"${PODS_ROOT}/Target Support Files/Pods-WeatherAppV2/Pods-WeatherAppV2-frameworks-${CONFIGURATION}-input-files.xcfilelist",
			);
			name = "[CP] Embed Pods Frameworks";
			outputFileListPaths = (
				"${PODS_ROOT}/Target Support Files/Pods-WeatherAppV2/Pods-WeatherAppV2-frameworks-${CONFIGURATION}-output-files.xcfilelist",
			);
			runOnlyForDeploymentPostprocessing = 0;
			shellPath = /bin/sh;
			shellScript = "\"${PODS_ROOT}/Target Support Files/Pods-WeatherAppV2/Pods-WeatherAppV2-frameworks.sh\"\n";
			showEnvVarsInLog = 0;
		};
/* End PBXShellScriptBuildPhase section */

/* Begin PBXSourcesBuildPhase section */
		3863B338281EA3BF00A5EF74 /* Sources */ = {
			isa = PBXSourcesBuildPhase;
			buildActionMask = 2147483647;
			files = (
				38BB95EE281EA5FA00DAD9DE /* APICongigguration.swift in Sources */,
				38BB95E4281EA5AB00DAD9DE /* CitiesStructure.swift in Sources */,
				38BB95EA281EA5DF00DAD9DE /* APIRouter.swift in Sources */,
				38CA197E2823368A000D167D /* CurrentLocationWeather.swift in Sources */,
				38BB95E8281EA5D200DAD9DE /* URLConstant.swift in Sources */,
				38BB95EC281EA5EB00DAD9DE /* APIClient.swift in Sources */,
				38C1803C2831C0DB00EDF6BF /* MapDetailView.swift in Sources */,
				38BB95E1281EA58A00DAD9DE /* WeatherViewModel.swift in Sources */,
				38BB95E6281EA5BE00DAD9DE /* Observable.swift in Sources */,
				3863B344281EA3BF00A5EF74 /* CitiesListView.swift in Sources */,
				38BB95DF281EA57000DAD9DE /* DetailView.swift in Sources */,
				38C0557528307DE800D1BD33 /* PageControl.swift in Sources */,
				3863B340281EA3BF00A5EF74 /* AppDelegate.swift in Sources */,
				38BB95F0281EA6AA00DAD9DE /* WeatherModel.swift in Sources */,
				3863B342281EA3BF00A5EF74 /* SceneDelegate.swift in Sources */,
				38C02569282DBA4F002C047C /* LocationViewModel.swift in Sources */,
				38AE4E2B281EBD8F00B8E7A3 /* SettingsView.swift in Sources */,
			);
			runOnlyForDeploymentPostprocessing = 0;
		};
/* End PBXSourcesBuildPhase section */

/* Begin PBXVariantGroup section */
		3863B34A281EA3C000A5EF74 /* LaunchScreen.storyboard */ = {
			isa = PBXVariantGroup;
			children = (
				3863B34B281EA3C000A5EF74 /* Base */,
			);
			name = LaunchScreen.storyboard;
			sourceTree = "<group>";
		};
/* End PBXVariantGroup section */

/* Begin XCBuildConfiguration section */
		3863B34E281EA3C000A5EF74 /* Debug */ = {
			isa = XCBuildConfiguration;
			buildSettings = {
				ALWAYS_SEARCH_USER_PATHS = NO;
				CLANG_ANALYZER_NONNULL = YES;
				CLANG_ANALYZER_NUMBER_OBJECT_CONVERSION = YES_AGGRESSIVE;
				CLANG_CXX_LANGUAGE_STANDARD = "gnu++17";
				CLANG_ENABLE_MODULES = YES;
				CLANG_ENABLE_OBJC_ARC = YES;
				CLANG_ENABLE_OBJC_WEAK = YES;
				CLANG_WARN_BLOCK_CAPTURE_AUTORELEASING = YES;
				CLANG_WARN_BOOL_CONVERSION = YES;
				CLANG_WARN_COMMA = YES;
				CLANG_WARN_CONSTANT_CONVERSION = YES;
				CLANG_WARN_DEPRECATED_OBJC_IMPLEMENTATIONS = YES;
				CLANG_WARN_DIRECT_OBJC_ISA_USAGE = YES_ERROR;
				CLANG_WARN_DOCUMENTATION_COMMENTS = YES;
				CLANG_WARN_EMPTY_BODY = YES;
				CLANG_WARN_ENUM_CONVERSION = YES;
				CLANG_WARN_INFINITE_RECURSION = YES;
				CLANG_WARN_INT_CONVERSION = YES;
				CLANG_WARN_NON_LITERAL_NULL_CONVERSION = YES;
				CLANG_WARN_OBJC_IMPLICIT_RETAIN_SELF = YES;
				CLANG_WARN_OBJC_LITERAL_CONVERSION = YES;
				CLANG_WARN_OBJC_ROOT_CLASS = YES_ERROR;
				CLANG_WARN_QUOTED_INCLUDE_IN_FRAMEWORK_HEADER = YES;
				CLANG_WARN_RANGE_LOOP_ANALYSIS = YES;
				CLANG_WARN_STRICT_PROTOTYPES = YES;
				CLANG_WARN_SUSPICIOUS_MOVE = YES;
				CLANG_WARN_UNGUARDED_AVAILABILITY = YES_AGGRESSIVE;
				CLANG_WARN_UNREACHABLE_CODE = YES;
				CLANG_WARN__DUPLICATE_METHOD_MATCH = YES;
				COPY_PHASE_STRIP = NO;
				DEBUG_INFORMATION_FORMAT = dwarf;
				ENABLE_STRICT_OBJC_MSGSEND = YES;
				ENABLE_TESTABILITY = YES;
				GCC_C_LANGUAGE_STANDARD = gnu11;
				GCC_DYNAMIC_NO_PIC = NO;
				GCC_NO_COMMON_BLOCKS = YES;
				GCC_OPTIMIZATION_LEVEL = 0;
				GCC_PREPROCESSOR_DEFINITIONS = (
					"DEBUG=1",
					"$(inherited)",
				);
				GCC_WARN_64_TO_32_BIT_CONVERSION = YES;
				GCC_WARN_ABOUT_RETURN_TYPE = YES_ERROR;
				GCC_WARN_UNDECLARED_SELECTOR = YES;
				GCC_WARN_UNINITIALIZED_AUTOS = YES_AGGRESSIVE;
				GCC_WARN_UNUSED_FUNCTION = YES;
				GCC_WARN_UNUSED_VARIABLE = YES;
				IPHONEOS_DEPLOYMENT_TARGET = 15.4;
				MTL_ENABLE_DEBUG_INFO = INCLUDE_SOURCE;
				MTL_FAST_MATH = YES;
				ONLY_ACTIVE_ARCH = YES;
				SDKROOT = iphoneos;
				SWIFT_ACTIVE_COMPILATION_CONDITIONS = DEBUG;
				SWIFT_OPTIMIZATION_LEVEL = "-Onone";
			};
			name = Debug;
		};
		3863B34F281EA3C000A5EF74 /* Release */ = {
			isa = XCBuildConfiguration;
			buildSettings = {
				ALWAYS_SEARCH_USER_PATHS = NO;
				CLANG_ANALYZER_NONNULL = YES;
				CLANG_ANALYZER_NUMBER_OBJECT_CONVERSION = YES_AGGRESSIVE;
				CLANG_CXX_LANGUAGE_STANDARD = "gnu++17";
				CLANG_ENABLE_MODULES = YES;
				CLANG_ENABLE_OBJC_ARC = YES;
				CLANG_ENABLE_OBJC_WEAK = YES;
				CLANG_WARN_BLOCK_CAPTURE_AUTORELEASING = YES;
				CLANG_WARN_BOOL_CONVERSION = YES;
				CLANG_WARN_COMMA = YES;
				CLANG_WARN_CONSTANT_CONVERSION = YES;
				CLANG_WARN_DEPRECATED_OBJC_IMPLEMENTATIONS = YES;
				CLANG_WARN_DIRECT_OBJC_ISA_USAGE = YES_ERROR;
				CLANG_WARN_DOCUMENTATION_COMMENTS = YES;
				CLANG_WARN_EMPTY_BODY = YES;
				CLANG_WARN_ENUM_CONVERSION = YES;
				CLANG_WARN_INFINITE_RECURSION = YES;
				CLANG_WARN_INT_CONVERSION = YES;
				CLANG_WARN_NON_LITERAL_NULL_CONVERSION = YES;
				CLANG_WARN_OBJC_IMPLICIT_RETAIN_SELF = YES;
				CLANG_WARN_OBJC_LITERAL_CONVERSION = YES;
				CLANG_WARN_OBJC_ROOT_CLASS = YES_ERROR;
				CLANG_WARN_QUOTED_INCLUDE_IN_FRAMEWORK_HEADER = YES;
				CLANG_WARN_RANGE_LOOP_ANALYSIS = YES;
				CLANG_WARN_STRICT_PROTOTYPES = YES;
				CLANG_WARN_SUSPICIOUS_MOVE = YES;
				CLANG_WARN_UNGUARDED_AVAILABILITY = YES_AGGRESSIVE;
				CLANG_WARN_UNREACHABLE_CODE = YES;
				CLANG_WARN__DUPLICATE_METHOD_MATCH = YES;
				COPY_PHASE_STRIP = NO;
				DEBUG_INFORMATION_FORMAT = "dwarf-with-dsym";
				ENABLE_NS_ASSERTIONS = NO;
				ENABLE_STRICT_OBJC_MSGSEND = YES;
				GCC_C_LANGUAGE_STANDARD = gnu11;
				GCC_NO_COMMON_BLOCKS = YES;
				GCC_WARN_64_TO_32_BIT_CONVERSION = YES;
				GCC_WARN_ABOUT_RETURN_TYPE = YES_ERROR;
				GCC_WARN_UNDECLARED_SELECTOR = YES;
				GCC_WARN_UNINITIALIZED_AUTOS = YES_AGGRESSIVE;
				GCC_WARN_UNUSED_FUNCTION = YES;
				GCC_WARN_UNUSED_VARIABLE = YES;
				IPHONEOS_DEPLOYMENT_TARGET = 15.4;
				MTL_ENABLE_DEBUG_INFO = NO;
				MTL_FAST_MATH = YES;
				SDKROOT = iphoneos;
				SWIFT_COMPILATION_MODE = wholemodule;
				SWIFT_OPTIMIZATION_LEVEL = "-O";
				VALIDATE_PRODUCT = YES;
			};
			name = Release;
		};
		3863B351281EA3C000A5EF74 /* Debug */ = {
			isa = XCBuildConfiguration;
			baseConfigurationReference = B8A9DB00BEC8C7468F65E3EE /* Pods-WeatherAppV2.debug.xcconfig */;
			buildSettings = {
				ASSETCATALOG_COMPILER_APPICON_NAME = AppIcon;
				ASSETCATALOG_COMPILER_GLOBAL_ACCENT_COLOR_NAME = AccentColor;
				CODE_SIGN_STYLE = Automatic;
				CURRENT_PROJECT_VERSION = 1;
				DEVELOPMENT_TEAM = 3PQ52R8GJN;
				GENERATE_INFOPLIST_FILE = YES;
				INFOPLIST_FILE = WeatherAppV2/Info.plist;
				INFOPLIST_KEY_UIApplicationSupportsIndirectInputEvents = YES;
				INFOPLIST_KEY_UILaunchStoryboardName = LaunchScreen;
				INFOPLIST_KEY_UISupportedInterfaceOrientations_iPad = "UIInterfaceOrientationPortrait UIInterfaceOrientationPortraitUpsideDown UIInterfaceOrientationLandscapeLeft UIInterfaceOrientationLandscapeRight";
				INFOPLIST_KEY_UISupportedInterfaceOrientations_iPhone = "UIInterfaceOrientationPortrait UIInterfaceOrientationLandscapeLeft UIInterfaceOrientationLandscapeRight";
				LD_RUNPATH_SEARCH_PATHS = (
					"$(inherited)",
					"@executable_path/Frameworks",
				);
				MARKETING_VERSION = 1.0;
				PRODUCT_BUNDLE_IDENTIFIER = com.dysya.WeatherAppV2;
				PRODUCT_NAME = "$(TARGET_NAME)";
				SWIFT_EMIT_LOC_STRINGS = YES;
				SWIFT_VERSION = 5.0;
				TARGETED_DEVICE_FAMILY = "1,2";
			};
			name = Debug;
		};
		3863B352281EA3C000A5EF74 /* Release */ = {
			isa = XCBuildConfiguration;
			baseConfigurationReference = 56224EDFB73CEE79B40D7CFB /* Pods-WeatherAppV2.release.xcconfig */;
			buildSettings = {
				ASSETCATALOG_COMPILER_APPICON_NAME = AppIcon;
				ASSETCATALOG_COMPILER_GLOBAL_ACCENT_COLOR_NAME = AccentColor;
				CODE_SIGN_STYLE = Automatic;
				CURRENT_PROJECT_VERSION = 1;
				DEVELOPMENT_TEAM = 3PQ52R8GJN;
				GENERATE_INFOPLIST_FILE = YES;
				INFOPLIST_FILE = WeatherAppV2/Info.plist;
				INFOPLIST_KEY_UIApplicationSupportsIndirectInputEvents = YES;
				INFOPLIST_KEY_UILaunchStoryboardName = LaunchScreen;
				INFOPLIST_KEY_UISupportedInterfaceOrientations_iPad = "UIInterfaceOrientationPortrait UIInterfaceOrientationPortraitUpsideDown UIInterfaceOrientationLandscapeLeft UIInterfaceOrientationLandscapeRight";
				INFOPLIST_KEY_UISupportedInterfaceOrientations_iPhone = "UIInterfaceOrientationPortrait UIInterfaceOrientationLandscapeLeft UIInterfaceOrientationLandscapeRight";
				LD_RUNPATH_SEARCH_PATHS = (
					"$(inherited)",
					"@executable_path/Frameworks",
				);
				MARKETING_VERSION = 1.0;
				PRODUCT_BUNDLE_IDENTIFIER = com.dysya.WeatherAppV2;
				PRODUCT_NAME = "$(TARGET_NAME)";
				SWIFT_EMIT_LOC_STRINGS = YES;
				SWIFT_VERSION = 5.0;
				TARGETED_DEVICE_FAMILY = "1,2";
			};
			name = Release;
		};
/* End XCBuildConfiguration section */

/* Begin XCConfigurationList section */
		3863B337281EA3BF00A5EF74 /* Build configuration list for PBXProject "WeatherAppV2" */ = {
			isa = XCConfigurationList;
			buildConfigurations = (
				3863B34E281EA3C000A5EF74 /* Debug */,
				3863B34F281EA3C000A5EF74 /* Release */,
			);
			defaultConfigurationIsVisible = 0;
			defaultConfigurationName = Release;
		};
		3863B350281EA3C000A5EF74 /* Build configuration list for PBXNativeTarget "WeatherAppV2" */ = {
			isa = XCConfigurationList;
			buildConfigurations = (
				3863B351281EA3C000A5EF74 /* Debug */,
				3863B352281EA3C000A5EF74 /* Release */,
			);
			defaultConfigurationIsVisible = 0;
			defaultConfigurationName = Release;
		};
/* End XCConfigurationList section */
	};
	rootObject = 3863B334281EA3BF00A5EF74 /* Project object */;
}
