// !$*UTF8*$!
{
	archiveVersion = 1;
	classes = {
	};
	objectVersion = 55;
	objects = {

/* Begin PBXBuildFile section */
		2066E1334FA729003A186344 /* Pods_WeatherAppV2.framework in Frameworks */ = {isa = PBXBuildFile; fileRef = 6C666D0BA5B892653C3B2C75 /* Pods_WeatherAppV2.framework */; };
		3863B340281EA3BF00A5EF74 /* AppDelegate.swift in Sources */ = {isa = PBXBuildFile; fileRef = 3863B33F281EA3BF00A5EF74 /* AppDelegate.swift */; };
		3863B342281EA3BF00A5EF74 /* SceneDelegate.swift in Sources */ = {isa = PBXBuildFile; fileRef = 3863B341281EA3BF00A5EF74 /* SceneDelegate.swift */; };
		3863B344281EA3BF00A5EF74 /* ViewController.swift in Sources */ = {isa = PBXBuildFile; fileRef = 3863B343281EA3BF00A5EF74 /* ViewController.swift */; };
		3863B347281EA3BF00A5EF74 /* Main.storyboard in Resources */ = {isa = PBXBuildFile; fileRef = 3863B345281EA3BF00A5EF74 /* Main.storyboard */; };
		3863B349281EA3C000A5EF74 /* Assets.xcassets in Resources */ = {isa = PBXBuildFile; fileRef = 3863B348281EA3C000A5EF74 /* Assets.xcassets */; };
		3863B34C281EA3C000A5EF74 /* LaunchScreen.storyboard in Resources */ = {isa = PBXBuildFile; fileRef = 3863B34A281EA3C000A5EF74 /* LaunchScreen.storyboard */; };
/* End PBXBuildFile section */

/* Begin PBXFileReference section */
		3863B33C281EA3BF00A5EF74 /* WeatherAppV2.app */ = {isa = PBXFileReference; explicitFileType = wrapper.application; includeInIndex = 0; path = WeatherAppV2.app; sourceTree = BUILT_PRODUCTS_DIR; };
		3863B33F281EA3BF00A5EF74 /* AppDelegate.swift */ = {isa = PBXFileReference; lastKnownFileType = sourcecode.swift; path = AppDelegate.swift; sourceTree = "<group>"; };
		3863B341281EA3BF00A5EF74 /* SceneDelegate.swift */ = {isa = PBXFileReference; lastKnownFileType = sourcecode.swift; path = SceneDelegate.swift; sourceTree = "<group>"; };
		3863B343281EA3BF00A5EF74 /* ViewController.swift */ = {isa = PBXFileReference; lastKnownFileType = sourcecode.swift; path = ViewController.swift; sourceTree = "<group>"; };
		3863B346281EA3BF00A5EF74 /* Base */ = {isa = PBXFileReference; lastKnownFileType = file.storyboard; name = Base; path = Base.lproj/Main.storyboard; sourceTree = "<group>"; };
		3863B348281EA3C000A5EF74 /* Assets.xcassets */ = {isa = PBXFileReference; lastKnownFileType = folder.assetcatalog; path = Assets.xcassets; sourceTree = "<group>"; };
		3863B34B281EA3C000A5EF74 /* Base */ = {isa = PBXFileReference; lastKnownFileType = file.storyboard; name = Base; path = Base.lproj/LaunchScreen.storyboard; sourceTree = "<group>"; };
		3863B34D281EA3C000A5EF74 /* Info.plist */ = {isa = PBXFileReference; lastKnownFileType = text.plist.xml; path = Info.plist; sourceTree = "<group>"; };
		56224EDFB73CEE79B40D7CFB /* Pods-WeatherAppV2.release.xcconfig */ = {isa = PBXFileReference; includeInIndex = 1; lastKnownFileType = text.xcconfig; name = "Pods-WeatherAppV2.release.xcconfig"; path = "Target Support Files/Pods-WeatherAppV2/Pods-WeatherAppV2.release.xcconfig"; sourceTree = "<group>"; };
		6C666D0BA5B892653C3B2C75 /* Pods_WeatherAppV2.framework */ = {isa = PBXFileReference; explicitFileType = wrapper.framework; includeInIndex = 0; path = Pods_WeatherAppV2.framework; sourceTree = BUILT_PRODUCTS_DIR; };
		B8A9DB00BEC8C7468F65E3EE /* Pods-WeatherAppV2.debug.xcconfig */ = {isa = PBXFileReference; includeInIndex = 1; lastKnownFileType = text.xcconfig; name = "Pods-WeatherAppV2.debug.xcconfig"; path = "Target Support Files/Pods-WeatherAppV2/Pods-WeatherAppV2.debug.xcconfig"; sourceTree = "<group>"; };
/* End PBXFileReference section */

/* Begin PBXFrameworksBuildPhase section */
		3863B339281EA3BF00A5EF74 /* Frameworks */ = {
			isa = PBXFrameworksBuildPhase;
			buildActionMask = 2147483647;
			files = (
				2066E1334FA729003A186344 /* Pods_WeatherAppV2.framework in Frameworks */,
			);
			runOnlyForDeploymentPostprocessing = 0;
		};
/* End PBXFrameworksBuildPhase section */

/* Begin PBXGroup section */
		1261C7C93706F0871567E08A /* Frameworks */ = {
			isa = PBXGroup;
			children = (
				6C666D0BA5B892653C3B2C75 /* Pods_WeatherAppV2.framework */,
			);
			name = Frameworks;
			sourceTree = "<group>";
		};
		3863B333281EA3BF00A5EF74 = {
			isa = PBXGroup;
			children = (
				3863B33E281EA3BF00A5EF74 /* WeatherAppV2 */,
				3863B33D281EA3BF00A5EF74 /* Products */,
				E9A5E58237BE5BD10CDC3EFD /* Pods */,
				1261C7C93706F0871567E08A /* Frameworks */,
			);
			sourceTree = "<group>";
		};
		3863B33D281EA3BF00A5EF74 /* Products */ = {
			isa = PBXGroup;
			children = (
				3863B33C281EA3BF00A5EF74 /* WeatherAppV2.app */,
			);
			name = Products;
			sourceTree = "<group>";
		};
		3863B33E281EA3BF00A5EF74 /* WeatherAppV2 */ = {
			isa = PBXGroup;
			children = (
				3863B33F281EA3BF00A5EF74 /* AppDelegate.swift */,
				3863B341281EA3BF00A5EF74 /* SceneDelegate.swift */,
				3863B343281EA3BF00A5EF74 /* ViewController.swift */,
				3863B345281EA3BF00A5EF74 /* Main.storyboard */,
				3863B348281EA3C000A5EF74 /* Assets.xcassets */,
				3863B34A281EA3C000A5EF74 /* LaunchScreen.storyboard */,
				3863B34D281EA3C000A5EF74 /* Info.plist */,
			);
			path = WeatherAppV2;
			sourceTree = "<group>";
		};
		E9A5E58237BE5BD10CDC3EFD /* Pods */ = {
			isa = PBXGroup;
			children = (
				B8A9DB00BEC8C7468F65E3EE /* Pods-WeatherAppV2.debug.xcconfig */,
				56224EDFB73CEE79B40D7CFB /* Pods-WeatherAppV2.release.xcconfig */,
			);
			name = Pods;
			path = Pods;
			sourceTree = "<group>";
		};
/* End PBXGroup section */

/* Begin PBXNativeTarget section */
		3863B33B281EA3BF00A5EF74 /* WeatherAppV2 */ = {
			isa = PBXNativeTarget;
			buildConfigurationList = 3863B350281EA3C000A5EF74 /* Build configuration list for PBXNativeTarget "WeatherAppV2" */;
			buildPhases = (
				548E28B6F1F007BA4CA2449A /* [CP] Check Pods Manifest.lock */,
				3863B338281EA3BF00A5EF74 /* Sources */,
				3863B339281EA3BF00A5EF74 /* Frameworks */,
				3863B33A281EA3BF00A5EF74 /* Resources */,
				C7FAE25B3AB0A95DD3640A37 /* [CP] Embed Pods Frameworks */,
			);
			buildRules = (
			);
			dependencies = (
			);
			name = WeatherAppV2;
			productName = WeatherAppV2;
			productReference = 3863B33C281EA3BF00A5EF74 /* WeatherAppV2.app */;
			productType = "com.apple.product-type.application";
		};
/* End PBXNativeTarget section */

/* Begin PBXProject section */
		3863B334281EA3BF00A5EF74 /* Project object */ = {
			isa = PBXProject;
			attributes = {
				BuildIndependentTargetsInParallel = 1;
				LastSwiftUpdateCheck = 1330;
				LastUpgradeCheck = 1330;
				TargetAttributes = {
					3863B33B281EA3BF00A5EF74 = {
						CreatedOnToolsVersion = 13.3.1;
					};
				};
			};
			buildConfigurationList = 3863B337281EA3BF00A5EF74 /* Build configuration list for PBXProject "WeatherAppV2" */;
			compatibilityVersion = "Xcode 13.0";
			developmentRegion = en;
			hasScannedForEncodings = 0;
			knownRegions = (
				en,
				Base,
			);
			mainGroup = 3863B333281EA3BF00A5EF74;
			productRefGroup = 3863B33D281EA3BF00A5EF74 /* Products */;
			projectDirPath = "";
			projectRoot = "";
			targets = (
				3863B33B281EA3BF00A5EF74 /* WeatherAppV2 */,
			);
		};
/* End PBXProject section */

/* Begin PBXResourcesBuildPhase section */
		3863B33A281EA3BF00A5EF74 /* Resources */ = {
			isa = PBXResourcesBuildPhase;
			buildActionMask = 2147483647;
			files = (
				3863B34C281EA3C000A5EF74 /* LaunchScreen.storyboard in Resources */,
				3863B349281EA3C000A5EF74 /* Assets.xcassets in Resources */,
				3863B347281EA3BF00A5EF74 /* Main.storyboard in Resources */,
			);
			runOnlyForDeploymentPostprocessing = 0;
		};
/* End PBXResourcesBuildPhase section */

/* Begin PBXShellScriptBuildPhase section */
		548E28B6F1F007BA4CA2449A /* [CP] Check Pods Manifest.lock */ = {
			isa = PBXShellScriptBuildPhase;
			buildActionMask = 2147483647;
			files = (
			);
			inputFileListPaths = (
			);
			inputPaths = (
				"${PODS_PODFILE_DIR_PATH}/Podfile.lock",
				"${PODS_ROOT}/Manifest.lock",
			);
			name = "[CP] Check Pods Manifest.lock";
			outputFileListPaths = (
			);
			outputPaths = (
				"$(DERIVED_FILE_DIR)/Pods-WeatherAppV2-checkManifestLockResult.txt",
			);
			runOnlyForDeploymentPostprocessing = 0;
			shellPath = /bin/sh;
			shellScript = "diff \"${PODS_PODFILE_DIR_PATH}/Podfile.lock\" \"${PODS_ROOT}/Manifest.lock\" > /dev/null\nif [ $? != 0 ] ; then\n    # print error to STDERR\n    echo \"error: The sandbox is not in sync with the Podfile.lock. Run 'pod install' or update your CocoaPods installation.\" >&2\n    exit 1\nfi\n# This output is used by Xcode 'outputs' to avoid re-running this script phase.\necho \"SUCCESS\" > \"${SCRIPT_OUTPUT_FILE_0}\"\n";
			showEnvVarsInLog = 0;
		};
		C7FAE25B3AB0A95DD3640A37 /* [CP] Embed Pods Frameworks */ = {
			isa = PBXShellScriptBuildPhase;
			buildActionMask = 2147483647;
			files = (
			);
			inputFileListPaths = (
				"${PODS_ROOT}/Target Support Files/Pods-WeatherAppV2/Pods-WeatherAppV2-frameworks-${CONFIGURATION}-input-files.xcfilelist",
			);
			name = "[CP] Embed Pods Frameworks";
			outputFileListPaths = (
				"${PODS_ROOT}/Target Support Files/Pods-WeatherAppV2/Pods-WeatherAppV2-frameworks-${CONFIGURATION}-output-files.xcfilelist",
			);
			runOnlyForDeploymentPostprocessing = 0;
			shellPath = /bin/sh;
			shellScript = "\"${PODS_ROOT}/Target Support Files/Pods-WeatherAppV2/Pods-WeatherAppV2-frameworks.sh\"\n";
			showEnvVarsInLog = 0;
		};
/* End PBXShellScriptBuildPhase section */

/* Begin PBXSourcesBuildPhase section */
		3863B338281EA3BF00A5EF74 /* Sources */ = {
			isa = PBXSourcesBuildPhase;
			buildActionMask = 2147483647;
			files = (
				3863B344281EA3BF00A5EF74 /* ViewController.swift in Sources */,
				3863B340281EA3BF00A5EF74 /* AppDelegate.swift in Sources */,
				3863B342281EA3BF00A5EF74 /* SceneDelegate.swift in Sources */,
			);
			runOnlyForDeploymentPostprocessing = 0;
		};
/* End PBXSourcesBuildPhase section */

/* Begin PBXVariantGroup section */
		3863B345281EA3BF00A5EF74 /* Main.storyboard */ = {
			isa = PBXVariantGroup;
			children = (
				3863B346281EA3BF00A5EF74 /* Base */,
			);
			name = Main.storyboard;
			sourceTree = "<group>";
		};
		3863B34A281EA3C000A5EF74 /* LaunchScreen.storyboard */ = {
			isa = PBXVariantGroup;
			children = (
				3863B34B281EA3C000A5EF74 /* Base */,
			);
			name = LaunchScreen.storyboard;
			sourceTree = "<group>";
		};
/* End PBXVariantGroup section */

/* Begin XCBuildConfiguration section */
		3863B34E281EA3C000A5EF74 /* Debug */ = {
			isa = XCBuildConfiguration;
			buildSettings = {
				ALWAYS_SEARCH_USER_PATHS = NO;
				CLANG_ANALYZER_NONNULL = YES;
				CLANG_ANALYZER_NUMBER_OBJECT_CONVERSION = YES_AGGRESSIVE;
				CLANG_CXX_LANGUAGE_STANDARD = "gnu++17";
				CLANG_ENABLE_MODULES = YES;
				CLANG_ENABLE_OBJC_ARC = YES;
				CLANG_ENABLE_OBJC_WEAK = YES;
				CLANG_WARN_BLOCK_CAPTURE_AUTORELEASING = YES;
				CLANG_WARN_BOOL_CONVERSION = YES;
				CLANG_WARN_COMMA = YES;
				CLANG_WARN_CONSTANT_CONVERSION = YES;
				CLANG_WARN_DEPRECATED_OBJC_IMPLEMENTATIONS = YES;
				CLANG_WARN_DIRECT_OBJC_ISA_USAGE = YES_ERROR;
				CLANG_WARN_DOCUMENTATION_COMMENTS = YES;
				CLANG_WARN_EMPTY_BODY = YES;
				CLANG_WARN_ENUM_CONVERSION = YES;
				CLANG_WARN_INFINITE_RECURSION = YES;
				CLANG_WARN_INT_CONVERSION = YES;
				CLANG_WARN_NON_LITERAL_NULL_CONVERSION = YES;
				CLANG_WARN_OBJC_IMPLICIT_RETAIN_SELF = YES;
				CLANG_WARN_OBJC_LITERAL_CONVERSION = YES;
				CLANG_WARN_OBJC_ROOT_CLASS = YES_ERROR;
				CLANG_WARN_QUOTED_INCLUDE_IN_FRAMEWORK_HEADER = YES;
				CLANG_WARN_RANGE_LOOP_ANALYSIS = YES;
				CLANG_WARN_STRICT_PROTOTYPES = YES;
				CLANG_WARN_SUSPICIOUS_MOVE = YES;
				CLANG_WARN_UNGUARDED_AVAILABILITY = YES_AGGRESSIVE;
				CLANG_WARN_UNREACHABLE_CODE = YES;
				CLANG_WARN__DUPLICATE_METHOD_MATCH = YES;
				COPY_PHASE_STRIP = NO;
				DEBUG_INFORMATION_FORMAT = dwarf;
				ENABLE_STRICT_OBJC_MSGSEND = YES;
				ENABLE_TESTABILITY = YES;
				GCC_C_LANGUAGE_STANDARD = gnu11;
				GCC_DYNAMIC_NO_PIC = NO;
				GCC_NO_COMMON_BLOCKS = YES;
				GCC_OPTIMIZATION_LEVEL = 0;
				GCC_PREPROCESSOR_DEFINITIONS = (
					"DEBUG=1",
					"$(inherited)",
				);
				GCC_WARN_64_TO_32_BIT_CONVERSION = YES;
				GCC_WARN_ABOUT_RETURN_TYPE = YES_ERROR;
				GCC_WARN_UNDECLARED_SELECTOR = YES;
				GCC_WARN_UNINITIALIZED_AUTOS = YES_AGGRESSIVE;
				GCC_WARN_UNUSED_FUNCTION = YES;
				GCC_WARN_UNUSED_VARIABLE = YES;
				IPHONEOS_DEPLOYMENT_TARGET = 15.4;
				MTL_ENABLE_DEBUG_INFO = INCLUDE_SOURCE;
				MTL_FAST_MATH = YES;
				ONLY_ACTIVE_ARCH = YES;
				SDKROOT = iphoneos;
				SWIFT_ACTIVE_COMPILATION_CONDITIONS = DEBUG;
				SWIFT_OPTIMIZATION_LEVEL = "-Onone";
			};
			name = Debug;
		};
		3863B34F281EA3C000A5EF74 /* Release */ = {
			isa = XCBuildConfiguration;
			buildSettings = {
				ALWAYS_SEARCH_USER_PATHS = NO;
				CLANG_ANALYZER_NONNULL = YES;
				CLANG_ANALYZER_NUMBER_OBJECT_CONVERSION = YES_AGGRESSIVE;
				CLANG_CXX_LANGUAGE_STANDARD = "gnu++17";
				CLANG_ENABLE_MODULES = YES;
				CLANG_ENABLE_OBJC_ARC = YES;
				CLANG_ENABLE_OBJC_WEAK = YES;
				CLANG_WARN_BLOCK_CAPTURE_AUTORELEASING = YES;
				CLANG_WARN_BOOL_CONVERSION = YES;
				CLANG_WARN_COMMA = YES;
				CLANG_WARN_CONSTANT_CONVERSION = YES;
				CLANG_WARN_DEPRECATED_OBJC_IMPLEMENTATIONS = YES;
				CLANG_WARN_DIRECT_OBJC_ISA_USAGE = YES_ERROR;
				CLANG_WARN_DOCUMENTATION_COMMENTS = YES;
				CLANG_WARN_EMPTY_BODY = YES;
				CLANG_WARN_ENUM_CONVERSION = YES;
				CLANG_WARN_INFINITE_RECURSION = YES;
				CLANG_WARN_INT_CONVERSION = YES;
				CLANG_WARN_NON_LITERAL_NULL_CONVERSION = YES;
				CLANG_WARN_OBJC_IMPLICIT_RETAIN_SELF = YES;
				CLANG_WARN_OBJC_LITERAL_CONVERSION = YES;
				CLANG_WARN_OBJC_ROOT_CLASS = YES_ERROR;
				CLANG_WARN_QUOTED_INCLUDE_IN_FRAMEWORK_HEADER = YES;
				CLANG_WARN_RANGE_LOOP_ANALYSIS = YES;
				CLANG_WARN_STRICT_PROTOTYPES = YES;
				CLANG_WARN_SUSPICIOUS_MOVE = YES;
				CLANG_WARN_UNGUARDED_AVAILABILITY = YES_AGGRESSIVE;
				CLANG_WARN_UNREACHABLE_CODE = YES;
				CLANG_WARN__DUPLICATE_METHOD_MATCH = YES;
				COPY_PHASE_STRIP = NO;
				DEBUG_INFORMATION_FORMAT = "dwarf-with-dsym";
				ENABLE_NS_ASSERTIONS = NO;
				ENABLE_STRICT_OBJC_MSGSEND = YES;
				GCC_C_LANGUAGE_STANDARD = gnu11;
				GCC_NO_COMMON_BLOCKS = YES;
				GCC_WARN_64_TO_32_BIT_CONVERSION = YES;
				GCC_WARN_ABOUT_RETURN_TYPE = YES_ERROR;
				GCC_WARN_UNDECLARED_SELECTOR = YES;
				GCC_WARN_UNINITIALIZED_AUTOS = YES_AGGRESSIVE;
				GCC_WARN_UNUSED_FUNCTION = YES;
				GCC_WARN_UNUSED_VARIABLE = YES;
				IPHONEOS_DEPLOYMENT_TARGET = 15.4;
				MTL_ENABLE_DEBUG_INFO = NO;
				MTL_FAST_MATH = YES;
				SDKROOT = iphoneos;
				SWIFT_COMPILATION_MODE = wholemodule;
				SWIFT_OPTIMIZATION_LEVEL = "-O";
				VALIDATE_PRODUCT = YES;
			};
			name = Release;
		};
		3863B351281EA3C000A5EF74 /* Debug */ = {
			isa = XCBuildConfiguration;
			baseConfigurationReference = B8A9DB00BEC8C7468F65E3EE /* Pods-WeatherAppV2.debug.xcconfig */;
			buildSettings = {
				ASSETCATALOG_COMPILER_APPICON_NAME = AppIcon;
				ASSETCATALOG_COMPILER_GLOBAL_ACCENT_COLOR_NAME = AccentColor;
				CODE_SIGN_STYLE = Automatic;
				CURRENT_PROJECT_VERSION = 1;
				DEVELOPMENT_TEAM = 3PQ52R8GJN;
				GENERATE_INFOPLIST_FILE = YES;
				INFOPLIST_FILE = WeatherAppV2/Info.plist;
				INFOPLIST_KEY_UIApplicationSupportsIndirectInputEvents = YES;
				INFOPLIST_KEY_UILaunchStoryboardName = LaunchScreen;
				INFOPLIST_KEY_UIMainStoryboardFile = Main;
				INFOPLIST_KEY_UISupportedInterfaceOrientations_iPad = "UIInterfaceOrientationPortrait UIInterfaceOrientationPortraitUpsideDown UIInterfaceOrientationLandscapeLeft UIInterfaceOrientationLandscapeRight";
				INFOPLIST_KEY_UISupportedInterfaceOrientations_iPhone = "UIInterfaceOrientationPortrait UIInterfaceOrientationLandscapeLeft UIInterfaceOrientationLandscapeRight";
				LD_RUNPATH_SEARCH_PATHS = (
					"$(inherited)",
					"@executable_path/Frameworks",
				);
				MARKETING_VERSION = 1.0;
				PRODUCT_BUNDLE_IDENTIFIER = com.dysya.WeatherAppV2;
				PRODUCT_NAME = "$(TARGET_NAME)";
				SWIFT_EMIT_LOC_STRINGS = YES;
				SWIFT_VERSION = 5.0;
				TARGETED_DEVICE_FAMILY = "1,2";
			};
			name = Debug;
		};
		3863B352281EA3C000A5EF74 /* Release */ = {
			isa = XCBuildConfiguration;
			baseConfigurationReference = 56224EDFB73CEE79B40D7CFB /* Pods-WeatherAppV2.release.xcconfig */;
			buildSettings = {
				ASSETCATALOG_COMPILER_APPICON_NAME = AppIcon;
				ASSETCATALOG_COMPILER_GLOBAL_ACCENT_COLOR_NAME = AccentColor;
				CODE_SIGN_STYLE = Automatic;
				CURRENT_PROJECT_VERSION = 1;
				DEVELOPMENT_TEAM = 3PQ52R8GJN;
				GENERATE_INFOPLIST_FILE = YES;
				INFOPLIST_FILE = WeatherAppV2/Info.plist;
				INFOPLIST_KEY_UIApplicationSupportsIndirectInputEvents = YES;
				INFOPLIST_KEY_UILaunchStoryboardName = LaunchScreen;
				INFOPLIST_KEY_UIMainStoryboardFile = Main;
				INFOPLIST_KEY_UISupportedInterfaceOrientations_iPad = "UIInterfaceOrientationPortrait UIInterfaceOrientationPortraitUpsideDown UIInterfaceOrientationLandscapeLeft UIInterfaceOrientationLandscapeRight";
				INFOPLIST_KEY_UISupportedInterfaceOrientations_iPhone = "UIInterfaceOrientationPortrait UIInterfaceOrientationLandscapeLeft UIInterfaceOrientationLandscapeRight";
				LD_RUNPATH_SEARCH_PATHS = (
					"$(inherited)",
					"@executable_path/Frameworks",
				);
				MARKETING_VERSION = 1.0;
				PRODUCT_BUNDLE_IDENTIFIER = com.dysya.WeatherAppV2;
				PRODUCT_NAME = "$(TARGET_NAME)";
				SWIFT_EMIT_LOC_STRINGS = YES;
				SWIFT_VERSION = 5.0;
				TARGETED_DEVICE_FAMILY = "1,2";
			};
			name = Release;
		};
/* End XCBuildConfiguration section */

/* Begin XCConfigurationList section */
		3863B337281EA3BF00A5EF74 /* Build configuration list for PBXProject "WeatherAppV2" */ = {
			isa = XCConfigurationList;
			buildConfigurations = (
				3863B34E281EA3C000A5EF74 /* Debug */,
				3863B34F281EA3C000A5EF74 /* Release */,
			);
			defaultConfigurationIsVisible = 0;
			defaultConfigurationName = Release;
		};
		3863B350281EA3C000A5EF74 /* Build configuration list for PBXNativeTarget "WeatherAppV2" */ = {
			isa = XCConfigurationList;
			buildConfigurations = (
				3863B351281EA3C000A5EF74 /* Debug */,
				3863B352281EA3C000A5EF74 /* Release */,
			);
			defaultConfigurationIsVisible = 0;
			defaultConfigurationName = Release;
		};
/* End XCConfigurationList section */
	};
	rootObject = 3863B334281EA3BF00A5EF74 /* Project object */;
}
